
Microsoft Visual Studio Solution File, Format Version 12.00
# Visual Studio Version 17
VisualStudioVersion = 17.14.36414.22 d17.14
MinimumVisualStudioVersion = 10.0.40219.1
Project("{FAE04EC0-301F-11D3-BF4B-00C04F79EFBC}") = "ApiCatalogo", "ApiCatalogo.csproj", "{108EA700-2C7B-479B-96FC-8ADA5654A107}"
EndProject
Global
	GlobalSection(SolutionConfigurationPlatforms) = preSolution
		Debug|Any CPU = Debug|Any CPU
		Release|Any CPU = Release|Any CPU
	EndGlobalSection
	GlobalSection(ProjectConfigurationPlatforms) = postSolution
		{108EA700-2C7B-479B-96FC-8ADA5654A107}.Debug|Any CPU.ActiveCfg = Debug|Any CPU
		{108EA700-2C7B-479B-96FC-8ADA5654A107}.Debug|Any CPU.Build.0 = Debug|Any CPU
		{108EA700-2C7B-479B-96FC-8ADA5654A107}.Release|Any CPU.ActiveCfg = Release|Any CPU
		{108EA700-2C7B-479B-96FC-8ADA5654A107}.Release|Any CPU.Build.0 = Release|Any CPU
	EndGlobalSection
	GlobalSection(SolutionProperties) = preSolution
		HideSolutionNode = FALSE
	EndGlobalSection
	GlobalSection(ExtensibilityGlobals) = postSolution
		SolutionGuid = {3C5EEDA2-6DE3-49C2-A2AE-DC4E31D49CE9}
	EndGlobalSection
EndGlobal
