{
  "version": 4,
  "terraform_version": "1.13.3",
  "serial": 13,
  "lineage": "80048ac8-6ab0-dd28-e6b5-ba6cde4db132",
  "outputs": {
    "issuer": {
      "value": "https://cognito-idp.eu-west-1.amazonaws.com/eu-west-1_1HsU1aOu3",
      "type": "string"
    },
    "resource_server_identifier": {
      "value": "api",
      "type": "string"
    },
    "scopes": {
      "value": [
        "catalog:write",
        "jobs:read"
      ],
      "type": [
        "list",
        "string"
      ]
    },
    "tenant_client_ids": {
      "value": {
        "acme": "68falu9ppglk6qqq8v8hmi7k1n",
        "demo": "7lfge807umo4ecgn78rd9llac"
      },
      "type": [
        "object",
        {
          "acme": "string",
          "demo": "string"
        }
      ],
      "sensitive": true
    },
    "tenant_secret_arns": {
      "value": {
        "acme": "arn:aws:secretsmanager:eu-west-1:340663646958:secret:catalog-api-dev/cognito/acme-gRvlU1",
        "demo": "arn:aws:secretsmanager:eu-west-1:340663646958:secret:catalog-api-dev/cognito/demo-UC04CS"
      },
      "type": [
        "object",
        {
          "acme": "string",
          "demo": "string"
        }
      ]
    },
    "token_url": {
      "value": "https://catalog-api-dev-1234.auth.eu-west-1.amazoncognito.com/oauth2/token",
      "type": "string"
    },
    "user_pool_id": {
      "value": "eu-west-1_1HsU1aOu3",
      "type": "string"
    }
  },
  "resources": [
    {
      "mode": "managed",
      "type": "aws_cognito_resource_server",
      "name": "this",
      "provider": "provider[\"registry.terraform.io/hashicorp/aws\"]",
      "instances": [
        {
          "schema_version": 0,
          "attributes": {
            "id": "eu-west-1_1HsU1aOu3|api",
            "identifier": "api",
            "name": "catalog-api-dev-resource-server",
            "region": "eu-west-1",
            "scope": [
              {
                "scope_description": "Scope catalog:write",
                "scope_name": "catalog:write"
              },
              {
                "scope_description": "Scope jobs:read",
                "scope_name": "jobs:read"
              }
            ],
            "scope_identifiers": [
              "api/catalog:write",
              "api/jobs:read"
            ],
            "user_pool_id": "eu-west-1_1HsU1aOu3"
          },
          "sensitive_attributes": [],
          "identity_schema_version": 0,
          "private": "bnVsbA==",
          "dependencies": [
            "aws_cognito_user_pool.this"
          ]
        }
      ]
    },
    {
      "mode": "managed",
      "type": "aws_cognito_user_pool",
      "name": "this",
      "provider": "provider[\"registry.terraform.io/hashicorp/aws\"]",
      "instances": [
        {
          "schema_version": 0,
          "attributes": {
            "account_recovery_setting": [
              {
                "recovery_mechanism": [
                  {
                    "name": "verified_email",
                    "priority": 1
                  },
                  {
                    "name": "verified_phone_number",
                    "priority": 2
                  }
                ]
              }
            ],
            "admin_create_user_config": [
              {
                "allow_admin_create_user_only": false,
                "invite_message_template": []
              }
            ],
            "alias_attributes": null,
            "arn": "arn:aws:cognito-idp:eu-west-1:340663646958:userpool/eu-west-1_1HsU1aOu3",
            "auto_verified_attributes": null,
            "creation_date": "2025-09-26T17:05:27Z",
            "custom_domain": "",
            "deletion_protection": "INACTIVE",
            "device_configuration": [],
            "domain": "",
            "email_configuration": [
              {
                "configuration_set": "",
                "email_sending_account": "COGNITO_DEFAULT",
                "from_email_address": "",
                "reply_to_email_address": "",
                "source_arn": ""
              }
            ],
            "email_mfa_configuration": [],
            "email_verification_message": "",
            "email_verification_subject": "",
            "endpoint": "cognito-idp.eu-west-1.amazonaws.com/eu-west-1_1HsU1aOu3",
            "estimated_number_of_users": 0,
            "id": "eu-west-1_1HsU1aOu3",
            "lambda_config": [],
            "last_modified_date": "2025-09-26T17:05:27Z",
            "mfa_configuration": "OFF",
            "name": "catalog-api-dev-user-pool",
            "password_policy": [
              {
                "minimum_length": 12,
                "password_history_size": 0,
                "require_lowercase": true,
                "require_numbers": true,
                "require_symbols": true,
                "require_uppercase": true,
                "temporary_password_validity_days": 7
              }
            ],
            "region": "eu-west-1",
            "schema": [],
            "sign_in_policy": [
              {
                "allowed_first_auth_factors": [
                  "PASSWORD"
                ]
              }
            ],
            "sms_authentication_message": "",
            "sms_configuration": [],
            "sms_verification_message": "",
            "software_token_mfa_configuration": [],
            "tags": {
              "Environment": "dev",
              "Project": "catalog-api"
            },
            "tags_all": {
              "Environment": "dev",
              "Project": "catalog-api"
            },
            "user_attribute_update_settings": [],
            "user_pool_add_ons": [],
            "user_pool_tier": "ESSENTIALS",
            "username_attributes": null,
            "username_configuration": [],
            "verification_message_template": [
              {
                "default_email_option": "CONFIRM_WITH_CODE",
                "email_message": "",
                "email_message_by_link": "",
                "email_subject": "",
                "email_subject_by_link": "",
                "sms_message": ""
              }
            ],
            "web_authn_configuration": []
          },
          "sensitive_attributes": [],
          "identity_schema_version": 0,
          "private": "bnVsbA=="
        }
      ]
    },
    {
      "mode": "managed",
      "type": "aws_cognito_user_pool_client",
      "name": "tenant",
      "provider": "provider[\"registry.terraform.io/hashicorp/aws\"]",
      "instances": [
        {
          "index_key": "acme",
          "schema_version": 0,
          "attributes": {
            "access_token_validity": 60,
            "allowed_oauth_flows": [
              "client_credentials"
            ],
            "allowed_oauth_flows_user_pool_client": true,
            "allowed_oauth_scopes": [
              "api/catalog:write"
            ],
            "analytics_configuration": [],
            "auth_session_validity": 3,
            "callback_urls": [],
            "client_secret": "1r5mrr7pcculstrnsus4jo466r34f5qj41vdcivvrdd5v3qteppq",
            "default_redirect_uri": "",
            "enable_propagate_additional_user_context_data": false,
            "enable_token_revocation": true,
            "explicit_auth_flows": [],
            "generate_secret": true,
            "id": "68falu9ppglk6qqq8v8hmi7k1n",
            "id_token_validity": 0,
            "logout_urls": [],
            "name": "catalog-api-dev-client-acme",
            "prevent_user_existence_errors": "ENABLED",
            "read_attributes": [],
            "refresh_token_rotation": [],
            "refresh_token_validity": 30,
            "region": "eu-west-1",
            "supported_identity_providers": [
              "COGNITO"
            ],
            "token_validity_units": [
              {
                "access_token": "minutes",
                "id_token": "hours",
                "refresh_token": "days"
              }
            ],
            "user_pool_id": "eu-west-1_1HsU1aOu3",
            "write_attributes": []
          },
          "sensitive_attributes": [
            [
              {
                "type": "get_attr",
                "value": "client_secret"
              }
            ]
          ],
          "identity_schema_version": 0,
          "dependencies": [
            "aws_cognito_resource_server.this",
            "aws_cognito_user_pool.this"
          ]
        },
        {
          "index_key": "demo",
          "schema_version": 0,
          "attributes": {
            "access_token_validity": 60,
            "allowed_oauth_flows": [
              "client_credentials"
            ],
            "allowed_oauth_flows_user_pool_client": true,
            "allowed_oauth_scopes": [
              "api/catalog:write",
              "api/jobs:read"
            ],
            "analytics_configuration": [],
            "auth_session_validity": 3,
            "callback_urls": [],
            "client_secret": "m41ae2rq7cp55smnl86p027to4opnvqcusdem9nkunhbobhmd4f",
            "default_redirect_uri": "",
            "enable_propagate_additional_user_context_data": false,
            "enable_token_revocation": true,
            "explicit_auth_flows": [],
            "generate_secret": true,
            "id": "7lfge807umo4ecgn78rd9llac",
            "id_token_validity": 0,
            "logout_urls": [],
            "name": "catalog-api-dev-client-demo",
            "prevent_user_existence_errors": "ENABLED",
            "read_attributes": [],
            "refresh_token_rotation": [],
            "refresh_token_validity": 30,
            "region": "eu-west-1",
            "supported_identity_providers": [
              "COGNITO"
            ],
            "token_validity_units": [
              {
                "access_token": "minutes",
                "id_token": "hours",
                "refresh_token": "days"
              }
            ],
            "user_pool_id": "eu-west-1_1HsU1aOu3",
            "write_attributes": []
          },
          "sensitive_attributes": [
            [
              {
                "type": "get_attr",
                "value": "client_secret"
              }
            ]
          ],
          "identity_schema_version": 0,
          "dependencies": [
            "aws_cognito_resource_server.this",
            "aws_cognito_user_pool.this"
          ]
        }
      ]
    },
    {
      "mode": "managed",
      "type": "aws_cognito_user_pool_domain",
      "name": "this",
      "provider": "provider[\"registry.terraform.io/hashicorp/aws\"]",
      "instances": [
        {
          "schema_version": 0,
          "attributes": {
            "aws_account_id": "340663646958",
            "certificate_arn": "",
            "cloudfront_distribution": "d2uqej7bo24sqa.cloudfront.net",
            "cloudfront_distribution_arn": "d2uqej7bo24sqa.cloudfront.net",
            "cloudfront_distribution_zone_id": "Z2FDTNDATAQYW2",
            "domain": "catalog-api-dev-1234",
            "id": "catalog-api-dev-1234",
            "managed_login_version": 1,
            "region": "eu-west-1",
            "s3_bucket": "aws-cognito-prod-dub-assets",
            "user_pool_id": "eu-west-1_1HsU1aOu3",
            "version": "20250926170528"
          },
          "sensitive_attributes": [],
          "identity_schema_version": 0,
          "private": "bnVsbA==",
          "dependencies": [
            "aws_cognito_user_pool.this"
          ]
        }
      ]
    },
    {
      "mode": "managed",
      "type": "aws_dynamodb_table",
      "name": "tenant_clients",
      "provider": "provider[\"registry.terraform.io/hashicorp/aws\"]",
      "instances": [
        {
          "schema_version": 1,
          "attributes": {
            "arn": "arn:aws:dynamodb:eu-west-1:340663646958:table/catalog-api-dev-tenant-clients",
            "attribute": [
              {
                "name": "clientId",
                "type": "S"
              }
            ],
            "billing_mode": "PAY_PER_REQUEST",
            "deletion_protection_enabled": false,
            "global_secondary_index": [],
            "hash_key": "clientId",
            "id": "catalog-api-dev-tenant-clients",
            "import_table": [],
            "local_secondary_index": [],
            "name": "catalog-api-dev-tenant-clients",
            "on_demand_throughput": [],
            "point_in_time_recovery": [
              {
                "enabled": false,
                "recovery_period_in_days": 0
              }
            ],
            "range_key": null,
            "read_capacity": 0,
            "region": "eu-west-1",
            "replica": [],
            "restore_date_time": null,
            "restore_source_name": null,
            "restore_source_table_arn": null,
            "restore_to_latest_time": null,
            "server_side_encryption": [],
            "stream_arn": "",
            "stream_enabled": false,
            "stream_label": "",
            "stream_view_type": "",
            "table_class": "STANDARD",
            "tags": {
              "Environment": "dev",
              "Project": "catalog-api"
            },
            "tags_all": {
              "Environment": "dev",
              "Project": "catalog-api"
            },
            "timeouts": null,
            "ttl": [
              {
                "attribute_name": "",
                "enabled": false
              }
            ],
            "warm_throughput": [],
            "write_capacity": 0
          },
          "sensitive_attributes": [],
          "identity_schema_version": 0,
          "private": "eyJlMmJmYjczMC1lY2FhLTExZTYtOGY4OC0zNDM2M2JjN2M0YzAiOnsiY3JlYXRlIjoxODAwMDAwMDAwMDAwLCJkZWxldGUiOjYwMDAwMDAwMDAwMCwidXBkYXRlIjozNjAwMDAwMDAwMDAwfSwic2NoZW1hX3ZlcnNpb24iOiIxIn0="
        }
      ]
    },
    {
      "mode": "managed",
      "type": "aws_dynamodb_table_item",
      "name": "tenant_items",
      "provider": "provider[\"registry.terraform.io/hashicorp/aws\"]",
      "instances": [
        {
          "index_key": "acme",
          "schema_version": 0,
          "attributes": {
            "hash_key": "clientId",
            "id": "catalog-api-dev-tenant-clients|clientId|68falu9ppglk6qqq8v8hmi7k1n",
            "item": "{\"clientId\":{\"S\":\"68falu9ppglk6qqq8v8hmi7k1n\"},\"created\":{\"S\":\"2025-09-26T17:05:33Z\"},\"scopes\":{\"S\":\"catalog:write\"},\"tenantId\":{\"S\":\"acme\"}}",
            "range_key": null,
            "region": "eu-west-1",
            "table_name": "catalog-api-dev-tenant-clients"
          },
          "sensitive_attributes": [],
          "identity_schema_version": 0,
          "private": "bnVsbA==",
          "dependencies": [
            "aws_cognito_resource_server.this",
            "aws_cognito_user_pool.this",
            "aws_cognito_user_pool_client.tenant",
            "aws_dynamodb_table.tenant_clients"
          ]
        },
        {
          "index_key": "demo",
          "schema_version": 0,
          "attributes": {
            "hash_key": "clientId",
            "id": "catalog-api-dev-tenant-clients|clientId|7lfge807umo4ecgn78rd9llac",
            "item": "{\"clientId\":{\"S\":\"7lfge807umo4ecgn78rd9llac\"},\"created\":{\"S\":\"2025-09-26T17:05:33Z\"},\"scopes\":{\"S\":\"catalog:write jobs:read\"},\"tenantId\":{\"S\":\"demo\"}}",
            "range_key": null,
            "region": "eu-west-1",
            "table_name": "catalog-api-dev-tenant-clients"
          },
          "sensitive_attributes": [],
          "identity_schema_version": 0,
          "private": "bnVsbA==",
          "dependencies": [
            "aws_cognito_resource_server.this",
            "aws_cognito_user_pool.this",
            "aws_cognito_user_pool_client.tenant",
            "aws_dynamodb_table.tenant_clients"
          ]
        }
      ]
    },
    {
      "mode": "managed",
      "type": "aws_secretsmanager_secret",
      "name": "tenant",
      "provider": "provider[\"registry.terraform.io/hashicorp/aws\"]",
      "instances": [
        {
          "index_key": "acme",
          "schema_version": 0,
          "attributes": {
            "arn": "arn:aws:secretsmanager:eu-west-1:340663646958:secret:catalog-api-dev/cognito/acme-gRvlU1",
            "description": "",
            "force_overwrite_replica_secret": false,
            "id": "arn:aws:secretsmanager:eu-west-1:340663646958:secret:catalog-api-dev/cognito/acme-gRvlU1",
            "kms_key_id": "",
            "name": "catalog-api-dev/cognito/acme",
            "name_prefix": "",
            "policy": "",
            "recovery_window_in_days": 30,
            "region": "eu-west-1",
            "replica": [],
            "tags": {
              "Environment": "dev",
              "Project": "catalog-api",
              "Tenant": "acme"
            },
            "tags_all": {
              "Environment": "dev",
              "Project": "catalog-api",
              "Tenant": "acme"
            }
          },
          "sensitive_attributes": [],
          "identity_schema_version": 0,
          "identity": {
            "arn": "arn:aws:secretsmanager:eu-west-1:340663646958:secret:catalog-api-dev/cognito/acme-gRvlU1"
          },
          "private": "bnVsbA==",
          "dependencies": [
            "aws_cognito_resource_server.this",
            "aws_cognito_user_pool.this",
            "aws_cognito_user_pool_client.tenant"
          ]
        },
        {
          "index_key": "demo",
          "schema_version": 0,
          "attributes": {
            "arn": "arn:aws:secretsmanager:eu-west-1:340663646958:secret:catalog-api-dev/cognito/demo-UC04CS",
            "description": "",
            "force_overwrite_replica_secret": false,
            "id": "arn:aws:secretsmanager:eu-west-1:340663646958:secret:catalog-api-dev/cognito/demo-UC04CS",
            "kms_key_id": "",
            "name": "catalog-api-dev/cognito/demo",
            "name_prefix": "",
            "policy": "",
            "recovery_window_in_days": 30,
            "region": "eu-west-1",
            "replica": [],
            "tags": {
              "Environment": "dev",
              "Project": "catalog-api",
              "Tenant": "demo"
            },
            "tags_all": {
              "Environment": "dev",
              "Project": "catalog-api",
              "Tenant": "demo"
            }
          },
          "sensitive_attributes": [],
          "identity_schema_version": 0,
          "identity": {
            "arn": "arn:aws:secretsmanager:eu-west-1:340663646958:secret:catalog-api-dev/cognito/demo-UC04CS"
          },
          "private": "bnVsbA==",
          "dependencies": [
            "aws_cognito_resource_server.this",
            "aws_cognito_user_pool.this",
            "aws_cognito_user_pool_client.tenant"
          ]
        }
      ]
    },
    {
      "mode": "managed",
      "type": "aws_secretsmanager_secret_version",
      "name": "tenant",
      "provider": "provider[\"registry.terraform.io/hashicorp/aws\"]",
      "instances": [
        {
          "index_key": "acme",
          "schema_version": 0,
          "attributes": {
            "arn": "arn:aws:secretsmanager:eu-west-1:340663646958:secret:catalog-api-dev/cognito/acme-gRvlU1",
            "has_secret_string_wo": null,
            "id": "arn:aws:secretsmanager:eu-west-1:340663646958:secret:catalog-api-dev/cognito/acme-gRvlU1|terraform-20250926170528266900000004",
            "region": "eu-west-1",
            "secret_binary": "",
            "secret_id": "arn:aws:secretsmanager:eu-west-1:340663646958:secret:catalog-api-dev/cognito/acme-gRvlU1",
            "secret_string": "{\"client_id\":\"68falu9ppglk6qqq8v8hmi7k1n\",\"client_name\":\"catalog-api-dev-client-acme\",\"client_secret\":\"1r5mrr7pcculstrnsus4jo466r34f5qj41vdcivvrdd5v3qteppq\",\"issuer\":\"https://cognito-idp.eu-west-1.amazonaws.com/eu-west-1_1HsU1aOu3\",\"resource_server\":\"api\",\"scopes\":[\"catalog:write\"],\"tenant\":\"acme\",\"token_url\":\"https://catalog-api-dev-1234.auth.eu-west-1.amazoncognito.com/oauth2/token\"}",
            "secret_string_wo": null,
            "secret_string_wo_version": null,
            "version_id": "terraform-20250926170528266900000004",
            "version_stages": [
              "AWSCURRENT"
            ]
          },
          "sensitive_attributes": [
            [
              {
                "type": "get_attr",
                "value": "secret_binary"
              }
            ],
            [
              {
                "type": "get_attr",
                "value": "secret_string"
              }
            ],
            [
              {
                "type": "get_attr",
                "value": "secret_string_wo"
              }
            ]
          ],
          "identity_schema_version": 0,
          "identity": {
            "account_id": "340663646958",
            "region": "eu-west-1",
            "secret_id": "arn:aws:secretsmanager:eu-west-1:340663646958:secret:catalog-api-dev/cognito/acme-gRvlU1",
            "version_id": "terraform-20250926170528266900000004"
          },
          "private": "bnVsbA==",
          "dependencies": [
            "aws_cognito_resource_server.this",
            "aws_cognito_user_pool.this",
            "aws_cognito_user_pool_client.tenant",
            "aws_cognito_user_pool_domain.this",
            "aws_secretsmanager_secret.tenant"
          ]
        },
        {
          "index_key": "demo",
          "schema_version": 0,
          "attributes": {
            "arn": "arn:aws:secretsmanager:eu-west-1:340663646958:secret:catalog-api-dev/cognito/demo-UC04CS",
            "has_secret_string_wo": null,
            "id": "arn:aws:secretsmanager:eu-west-1:340663646958:secret:catalog-api-dev/cognito/demo-UC04CS|terraform-20250926170528266900000003",
            "region": "eu-west-1",
            "secret_binary": "",
            "secret_id": "arn:aws:secretsmanager:eu-west-1:340663646958:secret:catalog-api-dev/cognito/demo-UC04CS",
            "secret_string": "{\"client_id\":\"7lfge807umo4ecgn78rd9llac\",\"client_name\":\"catalog-api-dev-client-demo\",\"client_secret\":\"m41ae2rq7cp55smnl86p027to4opnvqcusdem9nkunhbobhmd4f\",\"issuer\":\"https://cognito-idp.eu-west-1.amazonaws.com/eu-west-1_1HsU1aOu3\",\"resource_server\":\"api\",\"scopes\":[\"catalog:write\",\"jobs:read\"],\"tenant\":\"demo\",\"token_url\":\"https://catalog-api-dev-1234.auth.eu-west-1.amazoncognito.com/oauth2/token\"}",
            "secret_string_wo": null,
            "secret_string_wo_version": null,
            "version_id": "terraform-20250926170528266900000003",
            "version_stages": [
              "AWSCURRENT"
            ]
          },
          "sensitive_attributes": [
            [
              {
                "type": "get_attr",
                "value": "secret_binary"
              }
            ],
            [
              {
                "type": "get_attr",
                "value": "secret_string"
              }
            ],
            [
              {
                "type": "get_attr",
                "value": "secret_string_wo"
              }
            ]
          ],
          "identity_schema_version": 0,
          "identity": {
            "account_id": "340663646958",
            "region": "eu-west-1",
            "secret_id": "arn:aws:secretsmanager:eu-west-1:340663646958:secret:catalog-api-dev/cognito/demo-UC04CS",
            "version_id": "terraform-20250926170528266900000003"
          },
          "private": "bnVsbA==",
          "dependencies": [
            "aws_cognito_resource_server.this",
            "aws_cognito_user_pool.this",
            "aws_cognito_user_pool_client.tenant",
            "aws_cognito_user_pool_domain.this",
            "aws_secretsmanager_secret.tenant"
          ]
        }
      ]
    }
  ],
  "check_results": null
}
